// !$*UTF8*$!
{
	archiveVersion = 1;
	classes = {
	};
	objectVersion = 56;
	objects = {

/* Begin PBXBuildFile section */
		6BD281E7293E46830049E076 /* AppDelegate.swift in Sources */ = {isa = PBXBuildFile; fileRef = 6BD281E6293E46830049E076 /* AppDelegate.swift */; };
		6BD281E9293E46830049E076 /* SceneDelegate.swift in Sources */ = {isa = PBXBuildFile; fileRef = 6BD281E8293E46830049E076 /* SceneDelegate.swift */; };
		6BD281EB293E46830049E076 /* ViewController.swift in Sources */ = {isa = PBXBuildFile; fileRef = 6BD281EA293E46830049E076 /* ViewController.swift */; };
		6BD281EE293E46830049E076 /* Main.storyboard in Resources */ = {isa = PBXBuildFile; fileRef = 6BD281EC293E46830049E076 /* Main.storyboard */; };
		6BD281F0293E46840049E076 /* Assets.xcassets in Resources */ = {isa = PBXBuildFile; fileRef = 6BD281EF293E46840049E076 /* Assets.xcassets */; };
		6BD281F3293E46840049E076 /* LaunchScreen.storyboard in Resources */ = {isa = PBXBuildFile; fileRef = 6BD281F1293E46840049E076 /* LaunchScreen.storyboard */; };
		6BD281FE293E46840049E076 /* CS315CoolThingInSwiftTests.swift in Sources */ = {isa = PBXBuildFile; fileRef = 6BD281FD293E46840049E076 /* CS315CoolThingInSwiftTests.swift */; };
		6BD28208293E46840049E076 /* CS315CoolThingInSwiftUITests.swift in Sources */ = {isa = PBXBuildFile; fileRef = 6BD28207293E46840049E076 /* CS315CoolThingInSwiftUITests.swift */; };
		6BD2820A293E46840049E076 /* CS315CoolThingInSwiftUITestsLaunchTests.swift in Sources */ = {isa = PBXBuildFile; fileRef = 6BD28209293E46840049E076 /* CS315CoolThingInSwiftUITestsLaunchTests.swift */; };
/* End PBXBuildFile section */

/* Begin PBXContainerItemProxy section */
		6BD281FA293E46840049E076 /* PBXContainerItemProxy */ = {
			isa = PBXContainerItemProxy;
			containerPortal = 6BD281DB293E46830049E076 /* Project object */;
			proxyType = 1;
			remoteGlobalIDString = 6BD281E2293E46830049E076;
			remoteInfo = CS315CoolThingInSwift;
		};
		6BD28204293E46840049E076 /* PBXContainerItemProxy */ = {
			isa = PBXContainerItemProxy;
			containerPortal = 6BD281DB293E46830049E076 /* Project object */;
			proxyType = 1;
			remoteGlobalIDString = 6BD281E2293E46830049E076;
			remoteInfo = CS315CoolThingInSwift;
		};
/* End PBXContainerItemProxy section */

/* Begin PBXFileReference section */
		6BD281E3293E46830049E076 /* CS315CoolThingInSwift.app */ = {isa = PBXFileReference; explicitFileType = wrapper.application; includeInIndex = 0; path = CS315CoolThingInSwift.app; sourceTree = BUILT_PRODUCTS_DIR; };
		6BD281E6293E46830049E076 /* AppDelegate.swift */ = {isa = PBXFileReference; lastKnownFileType = sourcecode.swift; path = AppDelegate.swift; sourceTree = "<group>"; };
		6BD281E8293E46830049E076 /* SceneDelegate.swift */ = {isa = PBXFileReference; lastKnownFileType = sourcecode.swift; path = SceneDelegate.swift; sourceTree = "<group>"; };
		6BD281EA293E46830049E076 /* ViewController.swift */ = {isa = PBXFileReference; lastKnownFileType = sourcecode.swift; path = ViewController.swift; sourceTree = "<group>"; };
		6BD281ED293E46830049E076 /* Base */ = {isa = PBXFileReference; lastKnownFileType = file.storyboard; name = Base; path = Base.lproj/Main.storyboard; sourceTree = "<group>"; };
		6BD281EF293E46840049E076 /* Assets.xcassets */ = {isa = PBXFileReference; lastKnownFileType = folder.assetcatalog; path = Assets.xcassets; sourceTree = "<group>"; };
		6BD281F2293E46840049E076 /* Base */ = {isa = PBXFileReference; lastKnownFileType = file.storyboard; name = Base; path = Base.lproj/LaunchScreen.storyboard; sourceTree = "<group>"; };
		6BD281F4293E46840049E076 /* Info.plist */ = {isa = PBXFileReference; lastKnownFileType = text.plist.xml; path = Info.plist; sourceTree = "<group>"; };
		6BD281F9293E46840049E076 /* CS315CoolThingInSwiftTests.xctest */ = {isa = PBXFileReference; explicitFileType = wrapper.cfbundle; includeInIndex = 0; path = CS315CoolThingInSwiftTests.xctest; sourceTree = BUILT_PRODUCTS_DIR; };
		6BD281FD293E46840049E076 /* CS315CoolThingInSwiftTests.swift */ = {isa = PBXFileReference; lastKnownFileType = sourcecode.swift; path = CS315CoolThingInSwiftTests.swift; sourceTree = "<group>"; };
		6BD28203293E46840049E076 /* CS315CoolThingInSwiftUITests.xctest */ = {isa = PBXFileReference; explicitFileType = wrapper.cfbundle; includeInIndex = 0; path = CS315CoolThingInSwiftUITests.xctest; sourceTree = BUILT_PRODUCTS_DIR; };
		6BD28207293E46840049E076 /* CS315CoolThingInSwiftUITests.swift */ = {isa = PBXFileReference; lastKnownFileType = sourcecode.swift; path = CS315CoolThingInSwiftUITests.swift; sourceTree = "<group>"; };
		6BD28209293E46840049E076 /* CS315CoolThingInSwiftUITestsLaunchTests.swift */ = {isa = PBXFileReference; lastKnownFileType = sourcecode.swift; path = CS315CoolThingInSwiftUITestsLaunchTests.swift; sourceTree = "<group>"; };
/* End PBXFileReference section */

/* Begin PBXFrameworksBuildPhase section */
		6BD281E0293E46830049E076 /* Frameworks */ = {
			isa = PBXFrameworksBuildPhase;
			buildActionMask = 2147483647;
			files = (
			);
			runOnlyForDeploymentPostprocessing = 0;
		};
		6BD281F6293E46840049E076 /* Frameworks */ = {
			isa = PBXFrameworksBuildPhase;
			buildActionMask = 2147483647;
			files = (
			);
			runOnlyForDeploymentPostprocessing = 0;
		};
		6BD28200293E46840049E076 /* Frameworks */ = {
			isa = PBXFrameworksBuildPhase;
			buildActionMask = 2147483647;
			files = (
			);
			runOnlyForDeploymentPostprocessing = 0;
		};
/* End PBXFrameworksBuildPhase section */

/* Begin PBXGroup section */
		6BD281DA293E46830049E076 = {
			isa = PBXGroup;
			children = (
				6BD281E5293E46830049E076 /* CS315CoolThingInSwift */,
				6BD281FC293E46840049E076 /* CS315CoolThingInSwiftTests */,
				6BD28206293E46840049E076 /* CS315CoolThingInSwiftUITests */,
				6BD281E4293E46830049E076 /* Products */,
			);
			sourceTree = "<group>";
		};
		6BD281E4293E46830049E076 /* Products */ = {
			isa = PBXGroup;
			children = (
				6BD281E3293E46830049E076 /* CS315CoolThingInSwift.app */,
				6BD281F9293E46840049E076 /* CS315CoolThingInSwiftTests.xctest */,
				6BD28203293E46840049E076 /* CS315CoolThingInSwiftUITests.xctest */,
			);
			name = Products;
			sourceTree = "<group>";
		};
		6BD281E5293E46830049E076 /* CS315CoolThingInSwift */ = {
			isa = PBXGroup;
			children = (
				6BD281E6293E46830049E076 /* AppDelegate.swift */,
				6BD281E8293E46830049E076 /* SceneDelegate.swift */,
				6BD281EA293E46830049E076 /* ViewController.swift */,
				6BD281EC293E46830049E076 /* Main.storyboard */,
				6BD281EF293E46840049E076 /* Assets.xcassets */,
				6BD281F1293E46840049E076 /* LaunchScreen.storyboard */,
				6BD281F4293E46840049E076 /* Info.plist */,
			);
			path = CS315CoolThingInSwift;
			sourceTree = "<group>";
		};
		6BD281FC293E46840049E076 /* CS315CoolThingInSwiftTests */ = {
			isa = PBXGroup;
			children = (
				6BD281FD293E46840049E076 /* CS315CoolThingInSwiftTests.swift */,
			);
			path = CS315CoolThingInSwiftTests;
			sourceTree = "<group>";
		};
		6BD28206293E46840049E076 /* CS315CoolThingInSwiftUITests */ = {
			isa = PBXGroup;
			children = (
				6BD28207293E46840049E076 /* CS315CoolThingInSwiftUITests.swift */,
				6BD28209293E46840049E076 /* CS315CoolThingInSwiftUITestsLaunchTests.swift */,
			);
			path = CS315CoolThingInSwiftUITests;
			sourceTree = "<group>";
		};
/* End PBXGroup section */

/* Begin PBXNativeTarget section */
		6BD281E2293E46830049E076 /* CS315CoolThingInSwift */ = {
			isa = PBXNativeTarget;
			buildConfigurationList = 6BD2820D293E46840049E076 /* Build configuration list for PBXNativeTarget "CS315CoolThingInSwift" */;
			buildPhases = (
				6BD281DF293E46830049E076 /* Sources */,
				6BD281E0293E46830049E076 /* Frameworks */,
				6BD281E1293E46830049E076 /* Resources */,
			);
			buildRules = (
			);
			dependencies = (
			);
			name = CS315CoolThingInSwift;
			productName = CS315CoolThingInSwift;
			productReference = 6BD281E3293E46830049E076 /* CS315CoolThingInSwift.app */;
			productType = "com.apple.product-type.application";
		};
		6BD281F8293E46840049E076 /* CS315CoolThingInSwiftTests */ = {
			isa = PBXNativeTarget;
			buildConfigurationList = 6BD28210293E46840049E076 /* Build configuration list for PBXNativeTarget "CS315CoolThingInSwiftTests" */;
			buildPhases = (
				6BD281F5293E46840049E076 /* Sources */,
				6BD281F6293E46840049E076 /* Frameworks */,
				6BD281F7293E46840049E076 /* Resources */,
			);
			buildRules = (
			);
			dependencies = (
				6BD281FB293E46840049E076 /* PBXTargetDependency */,
			);
			name = CS315CoolThingInSwiftTests;
			productName = CS315CoolThingInSwiftTests;
			productReference = 6BD281F9293E46840049E076 /* CS315CoolThingInSwiftTests.xctest */;
			productType = "com.apple.product-type.bundle.unit-test";
		};
		6BD28202293E46840049E076 /* CS315CoolThingInSwiftUITests */ = {
			isa = PBXNativeTarget;
			buildConfigurationList = 6BD28213293E46840049E076 /* Build configuration list for PBXNativeTarget "CS315CoolThingInSwiftUITests" */;
			buildPhases = (
				6BD281FF293E46840049E076 /* Sources */,
				6BD28200293E46840049E076 /* Frameworks */,
				6BD28201293E46840049E076 /* Resources */,
			);
			buildRules = (
			);
			dependencies = (
				6BD28205293E46840049E076 /* PBXTargetDependency */,
			);
			name = CS315CoolThingInSwiftUITests;
			productName = CS315CoolThingInSwiftUITests;
			productReference = 6BD28203293E46840049E076 /* CS315CoolThingInSwiftUITests.xctest */;
			productType = "com.apple.product-type.bundle.ui-testing";
		};
/* End PBXNativeTarget section */

/* Begin PBXProject section */
		6BD281DB293E46830049E076 /* Project object */ = {
			isa = PBXProject;
			attributes = {
				BuildIndependentTargetsInParallel = 1;
				LastSwiftUpdateCheck = 1410;
				LastUpgradeCheck = 1410;
				TargetAttributes = {
					6BD281E2293E46830049E076 = {
						CreatedOnToolsVersion = 14.1;
					};
					6BD281F8293E46840049E076 = {
						CreatedOnToolsVersion = 14.1;
						TestTargetID = 6BD281E2293E46830049E076;
					};
					6BD28202293E46840049E076 = {
						CreatedOnToolsVersion = 14.1;
						TestTargetID = 6BD281E2293E46830049E076;
					};
				};
			};
			buildConfigurationList = 6BD281DE293E46830049E076 /* Build configuration list for PBXProject "CS315CoolThingInSwift" */;
			compatibilityVersion = "Xcode 14.0";
			developmentRegion = en;
			hasScannedForEncodings = 0;
			knownRegions = (
				en,
				Base,
			);
			mainGroup = 6BD281DA293E46830049E076;
			productRefGroup = 6BD281E4293E46830049E076 /* Products */;
			projectDirPath = "";
			projectRoot = "";
			targets = (
				6BD281E2293E46830049E076 /* CS315CoolThingInSwift */,
				6BD281F8293E46840049E076 /* CS315CoolThingInSwiftTests */,
				6BD28202293E46840049E076 /* CS315CoolThingInSwiftUITests */,
			);
		};
/* End PBXProject section */

/* Begin PBXResourcesBuildPhase section */
		6BD281E1293E46830049E076 /* Resources */ = {
			isa = PBXResourcesBuildPhase;
			buildActionMask = 2147483647;
			files = (
				6BD281F3293E46840049E076 /* LaunchScreen.storyboard in Resources */,
				6BD281F0293E46840049E076 /* Assets.xcassets in Resources */,
				6BD281EE293E46830049E076 /* Main.storyboard in Resources */,
			);
			runOnlyForDeploymentPostprocessing = 0;
		};
		6BD281F7293E46840049E076 /* Resources */ = {
			isa = PBXResourcesBuildPhase;
			buildActionMask = 2147483647;
			files = (
			);
			runOnlyForDeploymentPostprocessing = 0;
		};
		6BD28201293E46840049E076 /* Resources */ = {
			isa = PBXResourcesBuildPhase;
			buildActionMask = 2147483647;
			files = (
			);
			runOnlyForDeploymentPostprocessing = 0;
		};
/* End PBXResourcesBuildPhase section */

/* Begin PBXSourcesBuildPhase section */
		6BD281DF293E46830049E076 /* Sources */ = {
			isa = PBXSourcesBuildPhase;
			buildActionMask = 2147483647;
			files = (
				6BD281EB293E46830049E076 /* ViewController.swift in Sources */,
				6BD281E7293E46830049E076 /* AppDelegate.swift in Sources */,
				6BD281E9293E46830049E076 /* SceneDelegate.swift in Sources */,
			);
			runOnlyForDeploymentPostprocessing = 0;
		};
		6BD281F5293E46840049E076 /* Sources */ = {
			isa = PBXSourcesBuildPhase;
			buildActionMask = 2147483647;
			files = (
				6BD281FE293E46840049E076 /* CS315CoolThingInSwiftTests.swift in Sources */,
			);
			runOnlyForDeploymentPostprocessing = 0;
		};
		6BD281FF293E46840049E076 /* Sources */ = {
			isa = PBXSourcesBuildPhase;
			buildActionMask = 2147483647;
			files = (
				6BD28208293E46840049E076 /* CS315CoolThingInSwiftUITests.swift in Sources */,
				6BD2820A293E46840049E076 /* CS315CoolThingInSwiftUITestsLaunchTests.swift in Sources */,
			);
			runOnlyForDeploymentPostprocessing = 0;
		};
/* End PBXSourcesBuildPhase section */

/* Begin PBXTargetDependency section */
		6BD281FB293E46840049E076 /* PBXTargetDependency */ = {
			isa = PBXTargetDependency;
			target = 6BD281E2293E46830049E076 /* CS315CoolThingInSwift */;
			targetProxy = 6BD281FA293E46840049E076 /* PBXContainerItemProxy */;
		};
		6BD28205293E46840049E076 /* PBXTargetDependency */ = {
			isa = PBXTargetDependency;
			target = 6BD281E2293E46830049E076 /* CS315CoolThingInSwift */;
			targetProxy = 6BD28204293E46840049E076 /* PBXContainerItemProxy */;
		};
/* End PBXTargetDependency section */

/* Begin PBXVariantGroup section */
		6BD281EC293E46830049E076 /* Main.storyboard */ = {
			isa = PBXVariantGroup;
			children = (
				6BD281ED293E46830049E076 /* Base */,
			);
			name = Main.storyboard;
			sourceTree = "<group>";
		};
		6BD281F1293E46840049E076 /* LaunchScreen.storyboard */ = {
			isa = PBXVariantGroup;
			children = (
				6BD281F2293E46840049E076 /* Base */,
			);
			name = LaunchScreen.storyboard;
			sourceTree = "<group>";
		};
/* End PBXVariantGroup section */

/* Begin XCBuildConfiguration section */
		6BD2820B293E46840049E076 /* Debug */ = {
			isa = XCBuildConfiguration;
			buildSettings = {
				ALWAYS_SEARCH_USER_PATHS = NO;
				CLANG_ANALYZER_NONNULL = YES;
				CLANG_ANALYZER_NUMBER_OBJECT_CONVERSION = YES_AGGRESSIVE;
				CLANG_CXX_LANGUAGE_STANDARD = "gnu++20";
				CLANG_ENABLE_MODULES = YES;
				CLANG_ENABLE_OBJC_ARC = YES;
				CLANG_ENABLE_OBJC_WEAK = YES;
				CLANG_WARN_BLOCK_CAPTURE_AUTORELEASING = YES;
				CLANG_WARN_BOOL_CONVERSION = YES;
				CLANG_WARN_COMMA = YES;
				CLANG_WARN_CONSTANT_CONVERSION = YES;
				CLANG_WARN_DEPRECATED_OBJC_IMPLEMENTATIONS = YES;
				CLANG_WARN_DIRECT_OBJC_ISA_USAGE = YES_ERROR;
				CLANG_WARN_DOCUMENTATION_COMMENTS = YES;
				CLANG_WARN_EMPTY_BODY = YES;
				CLANG_WARN_ENUM_CONVERSION = YES;
				CLANG_WARN_INFINITE_RECURSION = YES;
				CLANG_WARN_INT_CONVERSION = YES;
				CLANG_WARN_NON_LITERAL_NULL_CONVERSION = YES;
				CLANG_WARN_OBJC_IMPLICIT_RETAIN_SELF = YES;
				CLANG_WARN_OBJC_LITERAL_CONVERSION = YES;
				CLANG_WARN_OBJC_ROOT_CLASS = YES_ERROR;
				CLANG_WARN_QUOTED_INCLUDE_IN_FRAMEWORK_HEADER = YES;
				CLANG_WARN_RANGE_LOOP_ANALYSIS = YES;
				CLANG_WARN_STRICT_PROTOTYPES = YES;
				CLANG_WARN_SUSPICIOUS_MOVE = YES;
				CLANG_WARN_UNGUARDED_AVAILABILITY = YES_AGGRESSIVE;
				CLANG_WARN_UNREACHABLE_CODE = YES;
				CLANG_WARN__DUPLICATE_METHOD_MATCH = YES;
				COPY_PHASE_STRIP = NO;
				DEBUG_INFORMATION_FORMAT = dwarf;
				ENABLE_STRICT_OBJC_MSGSEND = YES;
				ENABLE_TESTABILITY = YES;
				GCC_C_LANGUAGE_STANDARD = gnu11;
				GCC_DYNAMIC_NO_PIC = NO;
				GCC_NO_COMMON_BLOCKS = YES;
				GCC_OPTIMIZATION_LEVEL = 0;
				GCC_PREPROCESSOR_DEFINITIONS = (
					"DEBUG=1",
					"$(inherited)",
				);
				GCC_WARN_64_TO_32_BIT_CONVERSION = YES;
				GCC_WARN_ABOUT_RETURN_TYPE = YES_ERROR;
				GCC_WARN_UNDECLARED_SELECTOR = YES;
				GCC_WARN_UNINITIALIZED_AUTOS = YES_AGGRESSIVE;
				GCC_WARN_UNUSED_FUNCTION = YES;
				GCC_WARN_UNUSED_VARIABLE = YES;
				IPHONEOS_DEPLOYMENT_TARGET = 16.1;
				MTL_ENABLE_DEBUG_INFO = INCLUDE_SOURCE;
				MTL_FAST_MATH = YES;
				ONLY_ACTIVE_ARCH = YES;
				SDKROOT = iphoneos;
				SWIFT_ACTIVE_COMPILATION_CONDITIONS = DEBUG;
				SWIFT_OPTIMIZATION_LEVEL = "-Onone";
			};
			name = Debug;
		};
		6BD2820C293E46840049E076 /* Release */ = {
			isa = XCBuildConfiguration;
			buildSettings = {
				ALWAYS_SEARCH_USER_PATHS = NO;
				CLANG_ANALYZER_NONNULL = YES;
				CLANG_ANALYZER_NUMBER_OBJECT_CONVERSION = YES_AGGRESSIVE;
				CLANG_CXX_LANGUAGE_STANDARD = "gnu++20";
				CLANG_ENABLE_MODULES = YES;
				CLANG_ENABLE_OBJC_ARC = YES;
				CLANG_ENABLE_OBJC_WEAK = YES;
				CLANG_WARN_BLOCK_CAPTURE_AUTORELEASING = YES;
				CLANG_WARN_BOOL_CONVERSION = YES;
				CLANG_WARN_COMMA = YES;
				CLANG_WARN_CONSTANT_CONVERSION = YES;
				CLANG_WARN_DEPRECATED_OBJC_IMPLEMENTATIONS = YES;
				CLANG_WARN_DIRECT_OBJC_ISA_USAGE = YES_ERROR;
				CLANG_WARN_DOCUMENTATION_COMMENTS = YES;
				CLANG_WARN_EMPTY_BODY = YES;
				CLANG_WARN_ENUM_CONVERSION = YES;
				CLANG_WARN_INFINITE_RECURSION = YES;
				CLANG_WARN_INT_CONVERSION = YES;
				CLANG_WARN_NON_LITERAL_NULL_CONVERSION = YES;
				CLANG_WARN_OBJC_IMPLICIT_RETAIN_SELF = YES;
				CLANG_WARN_OBJC_LITERAL_CONVERSION = YES;
				CLANG_WARN_OBJC_ROOT_CLASS = YES_ERROR;
				CLANG_WARN_QUOTED_INCLUDE_IN_FRAMEWORK_HEADER = YES;
				CLANG_WARN_RANGE_LOOP_ANALYSIS = YES;
				CLANG_WARN_STRICT_PROTOTYPES = YES;
				CLANG_WARN_SUSPICIOUS_MOVE = YES;
				CLANG_WARN_UNGUARDED_AVAILABILITY = YES_AGGRESSIVE;
				CLANG_WARN_UNREACHABLE_CODE = YES;
				CLANG_WARN__DUPLICATE_METHOD_MATCH = YES;
				COPY_PHASE_STRIP = NO;
				DEBUG_INFORMATION_FORMAT = "dwarf-with-dsym";
				ENABLE_NS_ASSERTIONS = NO;
				ENABLE_STRICT_OBJC_MSGSEND = YES;
				GCC_C_LANGUAGE_STANDARD = gnu11;
				GCC_NO_COMMON_BLOCKS = YES;
				GCC_WARN_64_TO_32_BIT_CONVERSION = YES;
				GCC_WARN_ABOUT_RETURN_TYPE = YES_ERROR;
				GCC_WARN_UNDECLARED_SELECTOR = YES;
				GCC_WARN_UNINITIALIZED_AUTOS = YES_AGGRESSIVE;
				GCC_WARN_UNUSED_FUNCTION = YES;
				GCC_WARN_UNUSED_VARIABLE = YES;
				IPHONEOS_DEPLOYMENT_TARGET = 16.1;
				MTL_ENABLE_DEBUG_INFO = NO;
				MTL_FAST_MATH = YES;
				SDKROOT = iphoneos;
				SWIFT_COMPILATION_MODE = wholemodule;
				SWIFT_OPTIMIZATION_LEVEL = "-O";
				VALIDATE_PRODUCT = YES;
			};
			name = Release;
		};
		6BD2820E293E46840049E076 /* Debug */ = {
			isa = XCBuildConfiguration;
			buildSettings = {
				ASSETCATALOG_COMPILER_APPICON_NAME = AppIcon;
				ASSETCATALOG_COMPILER_GLOBAL_ACCENT_COLOR_NAME = AccentColor;
				CODE_SIGN_STYLE = Automatic;
				CURRENT_PROJECT_VERSION = 1;
				GENERATE_INFOPLIST_FILE = YES;
				INFOPLIST_FILE = CS315CoolThingInSwift/Info.plist;
				INFOPLIST_KEY_UIApplicationSupportsIndirectInputEvents = YES;
				INFOPLIST_KEY_UILaunchStoryboardName = LaunchScreen;
				INFOPLIST_KEY_UIMainStoryboardFile = Main;
				INFOPLIST_KEY_UISupportedInterfaceOrientations_iPad = "UIInterfaceOrientationPortrait UIInterfaceOrientationPortraitUpsideDown UIInterfaceOrientationLandscapeLeft UIInterfaceOrientationLandscapeRight";
				INFOPLIST_KEY_UISupportedInterfaceOrientations_iPhone = "UIInterfaceOrientationPortrait UIInterfaceOrientationLandscapeLeft UIInterfaceOrientationLandscapeRight";
				LD_RUNPATH_SEARCH_PATHS = (
					"$(inherited)",
					"@executable_path/Frameworks",
				);
				MARKETING_VERSION = 1.0;
				PRODUCT_BUNDLE_IDENTIFIER = BenjaminBriggs.CS315CoolThingInSwift;
				PRODUCT_NAME = "$(TARGET_NAME)";
				SWIFT_EMIT_LOC_STRINGS = YES;
				SWIFT_VERSION = 5.0;
				TARGETED_DEVICE_FAMILY = "1,2";
			};
			name = Debug;
		};
		6BD2820F293E46840049E076 /* Release */ = {
			isa = XCBuildConfiguration;
			buildSettings = {
				ASSETCATALOG_COMPILER_APPICON_NAME = AppIcon;
				ASSETCATALOG_COMPILER_GLOBAL_ACCENT_COLOR_NAME = AccentColor;
				CODE_SIGN_STYLE = Automatic;
				CURRENT_PROJECT_VERSION = 1;
				GENERATE_INFOPLIST_FILE = YES;
				INFOPLIST_FILE = CS315CoolThingInSwift/Info.plist;
				INFOPLIST_KEY_UIApplicationSupportsIndirectInputEvents = YES;
				INFOPLIST_KEY_UILaunchStoryboardName = LaunchScreen;
				INFOPLIST_KEY_UIMainStoryboardFile = Main;
				INFOPLIST_KEY_UISupportedInterfaceOrientations_iPad = "UIInterfaceOrientationPortrait UIInterfaceOrientationPortraitUpsideDown UIInterfaceOrientationLandscapeLeft UIInterfaceOrientationLandscapeRight";
				INFOPLIST_KEY_UISupportedInterfaceOrientations_iPhone = "UIInterfaceOrientationPortrait UIInterfaceOrientationLandscapeLeft UIInterfaceOrientationLandscapeRight";
				LD_RUNPATH_SEARCH_PATHS = (
					"$(inherited)",
					"@executable_path/Frameworks",
				);
				MARKETING_VERSION = 1.0;
				PRODUCT_BUNDLE_IDENTIFIER = BenjaminBriggs.CS315CoolThingInSwift;
				PRODUCT_NAME = "$(TARGET_NAME)";
				SWIFT_EMIT_LOC_STRINGS = YES;
				SWIFT_VERSION = 5.0;
				TARGETED_DEVICE_FAMILY = "1,2";
			};
			name = Release;
		};
		6BD28211293E46840049E076 /* Debug */ = {
			isa = XCBuildConfiguration;
			buildSettings = {
				ALWAYS_EMBED_SWIFT_STANDARD_LIBRARIES = YES;
				BUNDLE_LOADER = "$(TEST_HOST)";
				CODE_SIGN_STYLE = Automatic;
				CURRENT_PROJECT_VERSION = 1;
				GENERATE_INFOPLIST_FILE = YES;
				IPHONEOS_DEPLOYMENT_TARGET = 16.1;
				MARKETING_VERSION = 1.0;
				PRODUCT_BUNDLE_IDENTIFIER = BenjaminBriggs.CS315CoolThingInSwiftTests;
				PRODUCT_NAME = "$(TARGET_NAME)";
				SWIFT_EMIT_LOC_STRINGS = NO;
				SWIFT_VERSION = 5.0;
				TARGETED_DEVICE_FAMILY = "1,2";
				TEST_HOST = "$(BUILT_PRODUCTS_DIR)/CS315CoolThingInSwift.app/$(BUNDLE_EXECUTABLE_FOLDER_PATH)/CS315CoolThingInSwift";
			};
			name = Debug;
		};
		6BD28212293E46840049E076 /* Release */ = {
			isa = XCBuildConfiguration;
			buildSettings = {
				ALWAYS_EMBED_SWIFT_STANDARD_LIBRARIES = YES;
				BUNDLE_LOADER = "$(TEST_HOST)";
				CODE_SIGN_STYLE = Automatic;
				CURRENT_PROJECT_VERSION = 1;
				GENERATE_INFOPLIST_FILE = YES;
				IPHONEOS_DEPLOYMENT_TARGET = 16.1;
				MARKETING_VERSION = 1.0;
				PRODUCT_BUNDLE_IDENTIFIER = BenjaminBriggs.CS315CoolThingInSwiftTests;
				PRODUCT_NAME = "$(TARGET_NAME)";
				SWIFT_EMIT_LOC_STRINGS = NO;
				SWIFT_VERSION = 5.0;
				TARGETED_DEVICE_FAMILY = "1,2";
				TEST_HOST = "$(BUILT_PRODUCTS_DIR)/CS315CoolThingInSwift.app/$(BUNDLE_EXECUTABLE_FOLDER_PATH)/CS315CoolThingInSwift";
			};
			name = Release;
		};
		6BD28214293E46840049E076 /* Debug */ = {
			isa = XCBuildConfiguration;
			buildSettings = {
				ALWAYS_EMBED_SWIFT_STANDARD_LIBRARIES = YES;
				CODE_SIGN_STYLE = Automatic;
				CURRENT_PROJECT_VERSION = 1;
				GENERATE_INFOPLIST_FILE = YES;
				MARKETING_VERSION = 1.0;
				PRODUCT_BUNDLE_IDENTIFIER = BenjaminBriggs.CS315CoolThingInSwiftUITests;
				PRODUCT_NAME = "$(TARGET_NAME)";
				SWIFT_EMIT_LOC_STRINGS = NO;
				SWIFT_VERSION = 5.0;
				TARGETED_DEVICE_FAMILY = "1,2";
				TEST_TARGET_NAME = CS315CoolThingInSwift;
			};
			name = Debug;
		};
		6BD28215293E46840049E076 /* Release */ = {
			isa = XCBuildConfiguration;
			buildSettings = {
				ALWAYS_EMBED_SWIFT_STANDARD_LIBRARIES = YES;
				CODE_SIGN_STYLE = Automatic;
				CURRENT_PROJECT_VERSION = 1;
				GENERATE_INFOPLIST_FILE = YES;
				MARKETING_VERSION = 1.0;
				PRODUCT_BUNDLE_IDENTIFIER = BenjaminBriggs.CS315CoolThingInSwiftUITests;
				PRODUCT_NAME = "$(TARGET_NAME)";
				SWIFT_EMIT_LOC_STRINGS = NO;
				SWIFT_VERSION = 5.0;
				TARGETED_DEVICE_FAMILY = "1,2";
				TEST_TARGET_NAME = CS315CoolThingInSwift;
			};
			name = Release;
		};
/* End XCBuildConfiguration section */

/* Begin XCConfigurationList section */
		6BD281DE293E46830049E076 /* Build configuration list for PBXProject "CS315CoolThingInSwift" */ = {
			isa = XCConfigurationList;
			buildConfigurations = (
				6BD2820B293E46840049E076 /* Debug */,
				6BD2820C293E46840049E076 /* Release */,
			);
			defaultConfigurationIsVisible = 0;
			defaultConfigurationName = Release;
		};
		6BD2820D293E46840049E076 /* Build configuration list for PBXNativeTarget "CS315CoolThingInSwift" */ = {
			isa = XCConfigurationList;
			buildConfigurations = (
				6BD2820E293E46840049E076 /* Debug */,
				6BD2820F293E46840049E076 /* Release */,
			);
			defaultConfigurationIsVisible = 0;
			defaultConfigurationName = Release;
		};
		6BD28210293E46840049E076 /* Build configuration list for PBXNativeTarget "CS315CoolThingInSwiftTests" */ = {
			isa = XCConfigurationList;
			buildConfigurations = (
				6BD28211293E46840049E076 /* Debug */,
				6BD28212293E46840049E076 /* Release */,
			);
			defaultConfigurationIsVisible = 0;
			defaultConfigurationName = Release;
		};
		6BD28213293E46840049E076 /* Build configuration list for PBXNativeTarget "CS315CoolThingInSwiftUITests" */ = {
			isa = XCConfigurationList;
			buildConfigurations = (
				6BD28214293E46840049E076 /* Debug */,
				6BD28215293E46840049E076 /* Release */,
			);
			defaultConfigurationIsVisible = 0;
			defaultConfigurationName = Release;
		};
/* End XCConfigurationList section */
	};
	rootObject = 6BD281DB293E46830049E076 /* Project object */;
}
